
Microsoft Visual Studio Solution File, Format Version 12.00
# Visual Studio Version 17
VisualStudioVersion = 17.14.36121.58 d17.14
MinimumVisualStudioVersion = 10.0.40219.1
Project("{FAE04EC0-301F-11D3-BF4B-00C04F79EFBC}") = "gui testing", "gui testing.csproj", "{54F7E24B-452F-4796-A1F6-6B551BDEC290}"
EndProject
Global
	GlobalSection(SolutionConfigurationPlatforms) = preSolution
		Debug|Any CPU = Debug|Any CPU
		Release|Any CPU = Release|Any CPU
	EndGlobalSection
	GlobalSection(ProjectConfigurationPlatforms) = postSolution
		{54F7E24B-452F-4796-A1F6-6B551BDEC290}.Debug|Any CPU.ActiveCfg = Debug|Any CPU
		{54F7E24B-452F-4796-A1F6-6B551BDEC290}.Debug|Any CPU.Build.0 = Debug|Any CPU
		{54F7E24B-452F-4796-A1F6-6B551BDEC290}.Release|Any CPU.ActiveCfg = Release|Any CPU
		{54F7E24B-452F-4796-A1F6-6B551BDEC290}.Release|Any CPU.Build.0 = Release|Any CPU
	EndGlobalSection
	GlobalSection(SolutionProperties) = preSolution
		HideSolutionNode = FALSE
	EndGlobalSection
	GlobalSection(ExtensibilityGlobals) = postSolution
		SolutionGuid = {B9CBCB6C-C22F-483F-9203-EC7E6C70D7F5}
	EndGlobalSection
EndGlobal
